
Microsoft Visual Studio Solution File, Format Version 12.00
# Visual Studio Version 16
VisualStudioVersion = 16.0.31911.196
MinimumVisualStudioVersion = 10.0.40219.1
Project("{FAE04EC0-301F-11D3-BF4B-00C04F79EFBC}") = "Task 3.3.1", "Task 3.3.1\Task 3.3.1.csproj", "{658BFB06-7902-4456-8DE5-5E7899F89F57}"
EndProject
Project("{FAE04EC0-301F-11D3-BF4B-00C04F79EFBC}") = "Task 3.3.2", "Task 3.3.2\Task 3.3.2.csproj", "{044C43F9-300B-4473-987C-9ABB7DD1EED1}"
EndProject
Project("{FAE04EC0-301F-11D3-BF4B-00C04F79EFBC}") = "Task 3.3.3", "Task 3.3.3\Task 3.3.3.csproj", "{FED471CA-E89E-49B5-AF49-1416238178E4}"
EndProject
Global
	GlobalSection(SolutionConfigurationPlatforms) = preSolution
		Debug|Any CPU = Debug|Any CPU
		Release|Any CPU = Release|Any CPU
	EndGlobalSection
	GlobalSection(ProjectConfigurationPlatforms) = postSolution
		{658BFB06-7902-4456-8DE5-5E7899F89F57}.Debug|Any CPU.ActiveCfg = Debug|Any CPU
		{658BFB06-7902-4456-8DE5-5E7899F89F57}.Debug|Any CPU.Build.0 = Debug|Any CPU
		{658BFB06-7902-4456-8DE5-5E7899F89F57}.Release|Any CPU.ActiveCfg = Release|Any CPU
		{658BFB06-7902-4456-8DE5-5E7899F89F57}.Release|Any CPU.Build.0 = Release|Any CPU
		{044C43F9-300B-4473-987C-9ABB7DD1EED1}.Debug|Any CPU.ActiveCfg = Debug|Any CPU
		{044C43F9-300B-4473-987C-9ABB7DD1EED1}.Debug|Any CPU.Build.0 = Debug|Any CPU
		{044C43F9-300B-4473-987C-9ABB7DD1EED1}.Release|Any CPU.ActiveCfg = Release|Any CPU
		{044C43F9-300B-4473-987C-9ABB7DD1EED1}.Release|Any CPU.Build.0 = Release|Any CPU
		{FED471CA-E89E-49B5-AF49-1416238178E4}.Debug|Any CPU.ActiveCfg = Debug|Any CPU
		{FED471CA-E89E-49B5-AF49-1416238178E4}.Debug|Any CPU.Build.0 = Debug|Any CPU
		{FED471CA-E89E-49B5-AF49-1416238178E4}.Release|Any CPU.ActiveCfg = Release|Any CPU
		{FED471CA-E89E-49B5-AF49-1416238178E4}.Release|Any CPU.Build.0 = Release|Any CPU
	EndGlobalSection
	GlobalSection(SolutionProperties) = preSolution
		HideSolutionNode = FALSE
	EndGlobalSection
	GlobalSection(ExtensibilityGlobals) = postSolution
		SolutionGuid = {FEC2CC6A-2BF7-4753-A638-D510C82A981D}
	EndGlobalSection
EndGlobal
