
Microsoft Visual Studio Solution File, Format Version 12.00
# Visual Studio Version 16
VisualStudioVersion = 16.0.31911.196
MinimumVisualStudioVersion = 10.0.40219.1
Project("{FAE04EC0-301F-11D3-BF4B-00C04F79EFBC}") = "Non-Negative Sum", "Non-Negative Sum\Non-Negative Sum.csproj", "{F7462E11-5547-4CEA-89AA-143E841A2AF4}"
EndProject
Global
	GlobalSection(SolutionConfigurationPlatforms) = preSolution
		Debug|Any CPU = Debug|Any CPU
		Release|Any CPU = Release|Any CPU
	EndGlobalSection
	GlobalSection(ProjectConfigurationPlatforms) = postSolution
		{F7462E11-5547-4CEA-89AA-143E841A2AF4}.Debug|Any CPU.ActiveCfg = Debug|Any CPU
		{F7462E11-5547-4CEA-89AA-143E841A2AF4}.Debug|Any CPU.Build.0 = Debug|Any CPU
		{F7462E11-5547-4CEA-89AA-143E841A2AF4}.Release|Any CPU.ActiveCfg = Release|Any CPU
		{F7462E11-5547-4CEA-89AA-143E841A2AF4}.Release|Any CPU.Build.0 = Release|Any CPU
	EndGlobalSection
	GlobalSection(SolutionProperties) = preSolution
		HideSolutionNode = FALSE
	EndGlobalSection
	GlobalSection(ExtensibilityGlobals) = postSolution
		SolutionGuid = {83440A1C-DD0D-4948-A660-12979B1CEF9D}
	EndGlobalSection
EndGlobal
