
Microsoft Visual Studio Solution File, Format Version 12.00
# Visual Studio Version 16
VisualStudioVersion = 16.0.31911.196
MinimumVisualStudioVersion = 10.0.40219.1
Project("{FAE04EC0-301F-11D3-BF4B-00C04F79EFBC}") = "2D Array", "2D Array\2D Array.csproj", "{AADECC9E-B826-446B-B0B6-04C906B86E3E}"
EndProject
Global
	GlobalSection(SolutionConfigurationPlatforms) = preSolution
		Debug|Any CPU = Debug|Any CPU
		Release|Any CPU = Release|Any CPU
	EndGlobalSection
	GlobalSection(ProjectConfigurationPlatforms) = postSolution
		{AADECC9E-B826-446B-B0B6-04C906B86E3E}.Debug|Any CPU.ActiveCfg = Debug|Any CPU
		{AADECC9E-B826-446B-B0B6-04C906B86E3E}.Debug|Any CPU.Build.0 = Debug|Any CPU
		{AADECC9E-B826-446B-B0B6-04C906B86E3E}.Release|Any CPU.ActiveCfg = Release|Any CPU
		{AADECC9E-B826-446B-B0B6-04C906B86E3E}.Release|Any CPU.Build.0 = Release|Any CPU
	EndGlobalSection
	GlobalSection(SolutionProperties) = preSolution
		HideSolutionNode = FALSE
	EndGlobalSection
	GlobalSection(ExtensibilityGlobals) = postSolution
		SolutionGuid = {EF19BDD7-0F8C-4CFF-9CB1-8AA91CF7A4D5}
	EndGlobalSection
EndGlobal
