
Microsoft Visual Studio Solution File, Format Version 12.00
# Visual Studio Version 17
VisualStudioVersion = 17.2.32516.85
MinimumVisualStudioVersion = 10.0.40219.1
Project("{9A19103F-16F7-4668-BE54-9A1E7A4F7556}") = "Task8.PL.Console", "Task8.ConsolePL\Task8.PL.Console.csproj", "{0F442D72-6041-41C4-B8E3-24E462EB1011}"
EndProject
Project("{FAE04EC0-301F-11D3-BF4B-00C04F79EFBC}") = "Task8.BL", "Task8.BL\Task8.BL.csproj", "{84F9B9B3-DCDA-426E-9675-773B54417838}"
EndProject
Project("{FAE04EC0-301F-11D3-BF4B-00C04F79EFBC}") = "Task8.DAL.Json", "Task8.JsonDAL\Task8.DAL.Json.csproj", "{1EDB2CE6-7E9C-46EB-BE25-14C965A1FCCA}"
EndProject
Project("{2150E333-8FDC-42A3-9474-1A3956D46DE8}") = "BLL", "BLL", "{C30EBDCB-37A2-448F-9D8A-DC4324930948}"
EndProject
Project("{2150E333-8FDC-42A3-9474-1A3956D46DE8}") = "DAL", "DAL", "{D43D5F14-CDA3-4D92-9E80-5C87463CF061}"
EndProject
Project("{2150E333-8FDC-42A3-9474-1A3956D46DE8}") = "PL", "PL", "{4E6F4C87-6F46-45F8-B059-F6DE75BFCD1D}"
EndProject
Project("{2150E333-8FDC-42A3-9474-1A3956D46DE8}") = "Common", "Common", "{789435D2-4C7E-44DA-8DAA-1912E466141C}"
EndProject
Project("{FAE04EC0-301F-11D3-BF4B-00C04F79EFBC}") = "Task8.Entities", "Task8.Entities\Task8.Entities.csproj", "{2A4A23EF-5E18-4748-8728-3C227D02270F}"
EndProject
Project("{FAE04EC0-301F-11D3-BF4B-00C04F79EFBC}") = "Task8.DAL.Interfaces", "Task8.DAL.Interfaces\Task8.DAL.Interfaces.csproj", "{9BC4B5E9-5034-4569-91D9-187ABC785D5E}"
EndProject
Project("{FAE04EC0-301F-11D3-BF4B-00C04F79EFBC}") = "Task8.BLL.Interfaces", "Task8.BLL.Interfaces\Task8.BLL.Interfaces.csproj", "{9C85FE2F-F9E2-4100-BE76-39B5924E4F64}"
EndProject
Project("{FAE04EC0-301F-11D3-BF4B-00C04F79EFBC}") = "Task8.Dependencies", "Task8.Dependencies\Task8.Dependencies.csproj", "{537FE1FC-998F-4A33-BD7B-95FEB15706BB}"
EndProject
Global
	GlobalSection(SolutionConfigurationPlatforms) = preSolution
		Debug|Any CPU = Debug|Any CPU
		Release|Any CPU = Release|Any CPU
	EndGlobalSection
	GlobalSection(ProjectConfigurationPlatforms) = postSolution
		{0F442D72-6041-41C4-B8E3-24E462EB1011}.Debug|Any CPU.ActiveCfg = Debug|Any CPU
		{0F442D72-6041-41C4-B8E3-24E462EB1011}.Debug|Any CPU.Build.0 = Debug|Any CPU
		{0F442D72-6041-41C4-B8E3-24E462EB1011}.Release|Any CPU.ActiveCfg = Release|Any CPU
		{0F442D72-6041-41C4-B8E3-24E462EB1011}.Release|Any CPU.Build.0 = Release|Any CPU
		{84F9B9B3-DCDA-426E-9675-773B54417838}.Debug|Any CPU.ActiveCfg = Debug|Any CPU
		{84F9B9B3-DCDA-426E-9675-773B54417838}.Debug|Any CPU.Build.0 = Debug|Any CPU
		{84F9B9B3-DCDA-426E-9675-773B54417838}.Release|Any CPU.ActiveCfg = Release|Any CPU
		{84F9B9B3-DCDA-426E-9675-773B54417838}.Release|Any CPU.Build.0 = Release|Any CPU
		{1EDB2CE6-7E9C-46EB-BE25-14C965A1FCCA}.Debug|Any CPU.ActiveCfg = Debug|Any CPU
		{1EDB2CE6-7E9C-46EB-BE25-14C965A1FCCA}.Debug|Any CPU.Build.0 = Debug|Any CPU
		{1EDB2CE6-7E9C-46EB-BE25-14C965A1FCCA}.Release|Any CPU.ActiveCfg = Release|Any CPU
		{1EDB2CE6-7E9C-46EB-BE25-14C965A1FCCA}.Release|Any CPU.Build.0 = Release|Any CPU
		{2A4A23EF-5E18-4748-8728-3C227D02270F}.Debug|Any CPU.ActiveCfg = Debug|Any CPU
		{2A4A23EF-5E18-4748-8728-3C227D02270F}.Debug|Any CPU.Build.0 = Debug|Any CPU
		{2A4A23EF-5E18-4748-8728-3C227D02270F}.Release|Any CPU.ActiveCfg = Release|Any CPU
		{2A4A23EF-5E18-4748-8728-3C227D02270F}.Release|Any CPU.Build.0 = Release|Any CPU
		{9BC4B5E9-5034-4569-91D9-187ABC785D5E}.Debug|Any CPU.ActiveCfg = Debug|Any CPU
		{9BC4B5E9-5034-4569-91D9-187ABC785D5E}.Debug|Any CPU.Build.0 = Debug|Any CPU
		{9BC4B5E9-5034-4569-91D9-187ABC785D5E}.Release|Any CPU.ActiveCfg = Release|Any CPU
		{9BC4B5E9-5034-4569-91D9-187ABC785D5E}.Release|Any CPU.Build.0 = Release|Any CPU
		{9C85FE2F-F9E2-4100-BE76-39B5924E4F64}.Debug|Any CPU.ActiveCfg = Debug|Any CPU
		{9C85FE2F-F9E2-4100-BE76-39B5924E4F64}.Debug|Any CPU.Build.0 = Debug|Any CPU
		{9C85FE2F-F9E2-4100-BE76-39B5924E4F64}.Release|Any CPU.ActiveCfg = Release|Any CPU
		{9C85FE2F-F9E2-4100-BE76-39B5924E4F64}.Release|Any CPU.Build.0 = Release|Any CPU
		{537FE1FC-998F-4A33-BD7B-95FEB15706BB}.Debug|Any CPU.ActiveCfg = Debug|Any CPU
		{537FE1FC-998F-4A33-BD7B-95FEB15706BB}.Debug|Any CPU.Build.0 = Debug|Any CPU
		{537FE1FC-998F-4A33-BD7B-95FEB15706BB}.Release|Any CPU.ActiveCfg = Release|Any CPU
		{537FE1FC-998F-4A33-BD7B-95FEB15706BB}.Release|Any CPU.Build.0 = Release|Any CPU
	EndGlobalSection
	GlobalSection(SolutionProperties) = preSolution
		HideSolutionNode = FALSE
	EndGlobalSection
	GlobalSection(NestedProjects) = preSolution
		{0F442D72-6041-41C4-B8E3-24E462EB1011} = {4E6F4C87-6F46-45F8-B059-F6DE75BFCD1D}
		{84F9B9B3-DCDA-426E-9675-773B54417838} = {C30EBDCB-37A2-448F-9D8A-DC4324930948}
		{1EDB2CE6-7E9C-46EB-BE25-14C965A1FCCA} = {D43D5F14-CDA3-4D92-9E80-5C87463CF061}
		{2A4A23EF-5E18-4748-8728-3C227D02270F} = {789435D2-4C7E-44DA-8DAA-1912E466141C}
		{9BC4B5E9-5034-4569-91D9-187ABC785D5E} = {D43D5F14-CDA3-4D92-9E80-5C87463CF061}
		{9C85FE2F-F9E2-4100-BE76-39B5924E4F64} = {C30EBDCB-37A2-448F-9D8A-DC4324930948}
		{537FE1FC-998F-4A33-BD7B-95FEB15706BB} = {789435D2-4C7E-44DA-8DAA-1912E466141C}
	EndGlobalSection
	GlobalSection(ExtensibilityGlobals) = postSolution
		SolutionGuid = {E28C4402-4EE2-4905-909E-0107E4FFFA4D}
	EndGlobalSection
EndGlobal
